
Microsoft Visual Studio Solution File, Format Version 12.00
# Visual Studio Version 17
VisualStudioVersion = 17.0.31903.59
MinimumVisualStudioVersion = 10.0.40219.1
Project("{FAE04EC0-301F-11D3-BF4B-00C04F79EFBC}") = "ComputerSales.API", "ComputerSales.API\ComputerSales.API.csproj", "{36C9B782-AF7C-4341-B9A8-9BB0AA6FAAA6}"
EndProject
Project("{FAE04EC0-301F-11D3-BF4B-00C04F79EFBC}") = "ComputerSales.Core", "ComputerSales.Core\ComputerSales.Core.csproj", "{08817B40-F2A2-416A-B5A8-4FD2FF83351A}"
EndProject
Project("{FAE04EC0-301F-11D3-BF4B-00C04F79EFBC}") = "ComputerSales.Infrastructure", "ComputerSales.Infrastructure\ComputerSales.Infrastructure.csproj", "{C8D8ECAC-142F-4D55-B80C-4DD8A3F4C19A}"
EndProject
Global
	GlobalSection(SolutionConfigurationPlatforms) = preSolution
		Debug|Any CPU = Debug|Any CPU
		Debug|x64 = Debug|x64
		Debug|x86 = Debug|x86
		Release|Any CPU = Release|Any CPU
		Release|x64 = Release|x64
		Release|x86 = Release|x86
	EndGlobalSection
	GlobalSection(ProjectConfigurationPlatforms) = postSolution
		{36C9B782-AF7C-4341-B9A8-9BB0AA6FAAA6}.Debug|Any CPU.ActiveCfg = Debug|Any CPU
		{36C9B782-AF7C-4341-B9A8-9BB0AA6FAAA6}.Debug|Any CPU.Build.0 = Debug|Any CPU
		{36C9B782-AF7C-4341-B9A8-9BB0AA6FAAA6}.Debug|x64.ActiveCfg = Debug|Any CPU
		{36C9B782-AF7C-4341-B9A8-9BB0AA6FAAA6}.Debug|x64.Build.0 = Debug|Any CPU
		{36C9B782-AF7C-4341-B9A8-9BB0AA6FAAA6}.Debug|x86.ActiveCfg = Debug|Any CPU
		{36C9B782-AF7C-4341-B9A8-9BB0AA6FAAA6}.Debug|x86.Build.0 = Debug|Any CPU
		{36C9B782-AF7C-4341-B9A8-9BB0AA6FAAA6}.Release|Any CPU.ActiveCfg = Release|Any CPU
		{36C9B782-AF7C-4341-B9A8-9BB0AA6FAAA6}.Release|Any CPU.Build.0 = Release|Any CPU
		{36C9B782-AF7C-4341-B9A8-9BB0AA6FAAA6}.Release|x64.ActiveCfg = Release|Any CPU
		{36C9B782-AF7C-4341-B9A8-9BB0AA6FAAA6}.Release|x64.Build.0 = Release|Any CPU
		{36C9B782-AF7C-4341-B9A8-9BB0AA6FAAA6}.Release|x86.ActiveCfg = Release|Any CPU
		{36C9B782-AF7C-4341-B9A8-9BB0AA6FAAA6}.Release|x86.Build.0 = Release|Any CPU
		{08817B40-F2A2-416A-B5A8-4FD2FF83351A}.Debug|Any CPU.ActiveCfg = Debug|Any CPU
		{08817B40-F2A2-416A-B5A8-4FD2FF83351A}.Debug|Any CPU.Build.0 = Debug|Any CPU
		{08817B40-F2A2-416A-B5A8-4FD2FF83351A}.Debug|x64.ActiveCfg = Debug|Any CPU
		{08817B40-F2A2-416A-B5A8-4FD2FF83351A}.Debug|x64.Build.0 = Debug|Any CPU
		{08817B40-F2A2-416A-B5A8-4FD2FF83351A}.Debug|x86.ActiveCfg = Debug|Any CPU
		{08817B40-F2A2-416A-B5A8-4FD2FF83351A}.Debug|x86.Build.0 = Debug|Any CPU
		{08817B40-F2A2-416A-B5A8-4FD2FF83351A}.Release|Any CPU.ActiveCfg = Release|Any CPU
		{08817B40-F2A2-416A-B5A8-4FD2FF83351A}.Release|Any CPU.Build.0 = Release|Any CPU
		{08817B40-F2A2-416A-B5A8-4FD2FF83351A}.Release|x64.ActiveCfg = Release|Any CPU
		{08817B40-F2A2-416A-B5A8-4FD2FF83351A}.Release|x64.Build.0 = Release|Any CPU
		{08817B40-F2A2-416A-B5A8-4FD2FF83351A}.Release|x86.ActiveCfg = Release|Any CPU
		{08817B40-F2A2-416A-B5A8-4FD2FF83351A}.Release|x86.Build.0 = Release|Any CPU
		{C8D8ECAC-142F-4D55-B80C-4DD8A3F4C19A}.Debug|Any CPU.ActiveCfg = Debug|Any CPU
		{C8D8ECAC-142F-4D55-B80C-4DD8A3F4C19A}.Debug|Any CPU.Build.0 = Debug|Any CPU
		{C8D8ECAC-142F-4D55-B80C-4DD8A3F4C19A}.Debug|x64.ActiveCfg = Debug|Any CPU
		{C8D8ECAC-142F-4D55-B80C-4DD8A3F4C19A}.Debug|x64.Build.0 = Debug|Any CPU
		{C8D8ECAC-142F-4D55-B80C-4DD8A3F4C19A}.Debug|x86.ActiveCfg = Debug|Any CPU
		{C8D8ECAC-142F-4D55-B80C-4DD8A3F4C19A}.Debug|x86.Build.0 = Debug|Any CPU
		{C8D8ECAC-142F-4D55-B80C-4DD8A3F4C19A}.Release|Any CPU.ActiveCfg = Release|Any CPU
		{C8D8ECAC-142F-4D55-B80C-4DD8A3F4C19A}.Release|Any CPU.Build.0 = Release|Any CPU
		{C8D8ECAC-142F-4D55-B80C-4DD8A3F4C19A}.Release|x64.ActiveCfg = Release|Any CPU
		{C8D8ECAC-142F-4D55-B80C-4DD8A3F4C19A}.Release|x64.Build.0 = Release|Any CPU
		{C8D8ECAC-142F-4D55-B80C-4DD8A3F4C19A}.Release|x86.ActiveCfg = Release|Any CPU
		{C8D8ECAC-142F-4D55-B80C-4DD8A3F4C19A}.Release|x86.Build.0 = Release|Any CPU
	EndGlobalSection
	GlobalSection(SolutionProperties) = preSolution
		HideSolutionNode = FALSE
	EndGlobalSection
EndGlobal
